
Microsoft Visual Studio Solution File, Format Version 12.00
# Visual Studio 15
VisualStudioVersion = 15.0.28010.2036
MinimumVisualStudioVersion = 15.0.26730.03
Project("{8BC9CEB8-8B4A-11D0-8D11-00A0C91BC942}") = "lol-core", "lol\src\lol-core.vcxproj", "{9E62F2FE-3408-4EAE-8238-FD84238CEEDA}"
EndProject
Project("{8BC9CEB8-8B4A-11D0-8D11-00A0C91BC942}") = "lol-lua", "lol\src\3rdparty\lol-lua.vcxproj", "{D84021CA-B233-4E0F-8A52-071B83BBCCC4}"
EndProject
Project("{2150E333-8FDC-42A3-9474-1A3956D46DE8}") = "engine", "engine", "{1AFD580B-98B8-4689-B661-38C41132C60E}"
	ProjectSection(SolutionItems) = preProject
		build.config = build.config
	EndProjectSection
EndProject
Project("{8BC9CEB8-8B4A-11D0-8D11-00A0C91BC942}") = "z8dev", "src\z8dev.vcxproj", "{28F5DE0F-B162-4833-8F61-A1AF782850A2}"
	ProjectSection(ProjectDependencies) = postProject
		{141365E7-F8F3-4D95-B8DB-1A093F92F436} = {141365E7-F8F3-4D95-B8DB-1A093F92F436}
	EndProjectSection
EndProject
Project("{2150E333-8FDC-42A3-9474-1A3956D46DE8}") = "z8dev", "z8dev", "{03B9D2E1-AFBA-4F66-8DE0-6499C9F9155F}"
EndProject
Project("{8BC9CEB8-8B4A-11D0-8D11-00A0C91BC942}") = "zepto8", "src\zepto8.vcxproj", "{948C0C9A-2C25-41D9-BF1B-92B14A8C061B}"
	ProjectSection(ProjectDependencies) = postProject
		{141365E7-F8F3-4D95-B8DB-1A093F92F436} = {141365E7-F8F3-4D95-B8DB-1A093F92F436}
	EndProjectSection
EndProject
Project("{8BC9CEB8-8B4A-11D0-8D11-00A0C91BC942}") = "z8tool", "src\z8tool.vcxproj", "{CC700045-8E2C-4516-9159-43FC4FFD4783}"
	ProjectSection(ProjectDependencies) = postProject
		{141365E7-F8F3-4D95-B8DB-1A093F92F436} = {141365E7-F8F3-4D95-B8DB-1A093F92F436}
	EndProjectSection
EndProject
Project("{8BC9CEB8-8B4A-11D0-8D11-00A0C91BC942}") = "libzepto8", "src\libzepto8.vcxproj", "{9AE29931-C72E-43DF-805B-27E4DDFBB582}"
EndProject
Project("{8BC9CEB8-8B4A-11D0-8D11-00A0C91BC942}") = "libz8lua", "src\libz8lua.vcxproj", "{141365E7-F8F3-4D95-B8DB-1A093F92F436}"
EndProject
Project("{8BC9CEB8-8B4A-11D0-8D11-00A0C91BC942}") = "z8lua", "src\z8lua.vcxproj", "{DC847AF8-FF9C-4F24-AE83-B86FC5C6777D}"
EndProject
Project("{8BC9CEB8-8B4A-11D0-8D11-00A0C91BC942}") = "libquickjs", "src\libquickjs.vcxproj", "{5168DFAB-3B54-4CAA-8654-DA760BC53B74}"
EndProject
Global
	GlobalSection(SolutionConfigurationPlatforms) = preSolution
		Debug|NX64 = Debug|NX64
		Debug|ORBIS = Debug|ORBIS
		Debug|Win32 = Debug|Win32
		Debug|x64 = Debug|x64
		Release|NX64 = Release|NX64
		Release|ORBIS = Release|ORBIS
		Release|Win32 = Release|Win32
		Release|x64 = Release|x64
	EndGlobalSection
	GlobalSection(ProjectConfigurationPlatforms) = postSolution
		{9E62F2FE-3408-4EAE-8238-FD84238CEEDA}.Debug|NX64.ActiveCfg = Debug|NX64
		{9E62F2FE-3408-4EAE-8238-FD84238CEEDA}.Debug|NX64.Build.0 = Debug|NX64
		{9E62F2FE-3408-4EAE-8238-FD84238CEEDA}.Debug|ORBIS.ActiveCfg = Debug|Win32
		{9E62F2FE-3408-4EAE-8238-FD84238CEEDA}.Debug|Win32.ActiveCfg = Debug|Win32
		{9E62F2FE-3408-4EAE-8238-FD84238CEEDA}.Debug|Win32.Build.0 = Debug|Win32
		{9E62F2FE-3408-4EAE-8238-FD84238CEEDA}.Debug|x64.ActiveCfg = Debug|x64
		{9E62F2FE-3408-4EAE-8238-FD84238CEEDA}.Debug|x64.Build.0 = Debug|x64
		{9E62F2FE-3408-4EAE-8238-FD84238CEEDA}.Release|NX64.ActiveCfg = Release|NX64
		{9E62F2FE-3408-4EAE-8238-FD84238CEEDA}.Release|NX64.Build.0 = Release|NX64
		{9E62F2FE-3408-4EAE-8238-FD84238CEEDA}.Release|ORBIS.ActiveCfg = Release|Win32
		{9E62F2FE-3408-4EAE-8238-FD84238CEEDA}.Release|Win32.ActiveCfg = Release|Win32
		{9E62F2FE-3408-4EAE-8238-FD84238CEEDA}.Release|Win32.Build.0 = Release|Win32
		{9E62F2FE-3408-4EAE-8238-FD84238CEEDA}.Release|x64.ActiveCfg = Release|x64
		{9E62F2FE-3408-4EAE-8238-FD84238CEEDA}.Release|x64.Build.0 = Release|x64
		{D84021CA-B233-4E0F-8A52-071B83BBCCC4}.Debug|NX64.ActiveCfg = Debug|NX64
		{D84021CA-B233-4E0F-8A52-071B83BBCCC4}.Debug|NX64.Build.0 = Debug|NX64
		{D84021CA-B233-4E0F-8A52-071B83BBCCC4}.Debug|ORBIS.ActiveCfg = Debug|Win32
		{D84021CA-B233-4E0F-8A52-071B83BBCCC4}.Debug|Win32.ActiveCfg = Debug|Win32
		{D84021CA-B233-4E0F-8A52-071B83BBCCC4}.Debug|Win32.Build.0 = Debug|Win32
		{D84021CA-B233-4E0F-8A52-071B83BBCCC4}.Debug|x64.ActiveCfg = Debug|x64
		{D84021CA-B233-4E0F-8A52-071B83BBCCC4}.Debug|x64.Build.0 = Debug|x64
		{D84021CA-B233-4E0F-8A52-071B83BBCCC4}.Release|NX64.ActiveCfg = Release|NX64
		{D84021CA-B233-4E0F-8A52-071B83BBCCC4}.Release|NX64.Build.0 = Release|NX64
		{D84021CA-B233-4E0F-8A52-071B83BBCCC4}.Release|ORBIS.ActiveCfg = Release|Win32
		{D84021CA-B233-4E0F-8A52-071B83BBCCC4}.Release|Win32.ActiveCfg = Release|Win32
		{D84021CA-B233-4E0F-8A52-071B83BBCCC4}.Release|Win32.Build.0 = Release|Win32
		{D84021CA-B233-4E0F-8A52-071B83BBCCC4}.Release|x64.ActiveCfg = Release|x64
		{D84021CA-B233-4E0F-8A52-071B83BBCCC4}.Release|x64.Build.0 = Release|x64
		{28F5DE0F-B162-4833-8F61-A1AF782850A2}.Debug|NX64.ActiveCfg = Debug|NX64
		{28F5DE0F-B162-4833-8F61-A1AF782850A2}.Debug|NX64.Build.0 = Debug|NX64
		{28F5DE0F-B162-4833-8F61-A1AF782850A2}.Debug|ORBIS.ActiveCfg = Debug|ORBIS
		{28F5DE0F-B162-4833-8F61-A1AF782850A2}.Debug|ORBIS.Build.0 = Debug|ORBIS
		{28F5DE0F-B162-4833-8F61-A1AF782850A2}.Debug|Win32.ActiveCfg = Debug|Win32
		{28F5DE0F-B162-4833-8F61-A1AF782850A2}.Debug|Win32.Build.0 = Debug|Win32
		{28F5DE0F-B162-4833-8F61-A1AF782850A2}.Debug|x64.ActiveCfg = Debug|x64
		{28F5DE0F-B162-4833-8F61-A1AF782850A2}.Debug|x64.Build.0 = Debug|x64
		{28F5DE0F-B162-4833-8F61-A1AF782850A2}.Release|NX64.ActiveCfg = Release|NX64
		{28F5DE0F-B162-4833-8F61-A1AF782850A2}.Release|NX64.Build.0 = Release|NX64
		{28F5DE0F-B162-4833-8F61-A1AF782850A2}.Release|ORBIS.ActiveCfg = Release|ORBIS
		{28F5DE0F-B162-4833-8F61-A1AF782850A2}.Release|ORBIS.Build.0 = Release|ORBIS
		{28F5DE0F-B162-4833-8F61-A1AF782850A2}.Release|Win32.ActiveCfg = Release|Win32
		{28F5DE0F-B162-4833-8F61-A1AF782850A2}.Release|Win32.Build.0 = Release|Win32
		{28F5DE0F-B162-4833-8F61-A1AF782850A2}.Release|x64.ActiveCfg = Release|x64
		{28F5DE0F-B162-4833-8F61-A1AF782850A2}.Release|x64.Build.0 = Release|x64
		{948C0C9A-2C25-41D9-BF1B-92B14A8C061B}.Debug|NX64.ActiveCfg = Debug|NX64
		{948C0C9A-2C25-41D9-BF1B-92B14A8C061B}.Debug|NX64.Build.0 = Debug|NX64
		{948C0C9A-2C25-41D9-BF1B-92B14A8C061B}.Debug|ORBIS.ActiveCfg = Debug|ORBIS
		{948C0C9A-2C25-41D9-BF1B-92B14A8C061B}.Debug|ORBIS.Build.0 = Debug|ORBIS
		{948C0C9A-2C25-41D9-BF1B-92B14A8C061B}.Debug|Win32.ActiveCfg = Debug|Win32
		{948C0C9A-2C25-41D9-BF1B-92B14A8C061B}.Debug|Win32.Build.0 = Debug|Win32
		{948C0C9A-2C25-41D9-BF1B-92B14A8C061B}.Debug|x64.ActiveCfg = Debug|x64
		{948C0C9A-2C25-41D9-BF1B-92B14A8C061B}.Debug|x64.Build.0 = Debug|x64
		{948C0C9A-2C25-41D9-BF1B-92B14A8C061B}.Release|NX64.ActiveCfg = Release|NX64
		{948C0C9A-2C25-41D9-BF1B-92B14A8C061B}.Release|NX64.Build.0 = Release|NX64
		{948C0C9A-2C25-41D9-BF1B-92B14A8C061B}.Release|ORBIS.ActiveCfg = Release|ORBIS
		{948C0C9A-2C25-41D9-BF1B-92B14A8C061B}.Release|ORBIS.Build.0 = Release|ORBIS
		{948C0C9A-2C25-41D9-BF1B-92B14A8C061B}.Release|Win32.ActiveCfg = Release|Win32
		{948C0C9A-2C25-41D9-BF1B-92B14A8C061B}.Release|Win32.Build.0 = Release|Win32
		{948C0C9A-2C25-41D9-BF1B-92B14A8C061B}.Release|x64.ActiveCfg = Release|x64
		{948C0C9A-2C25-41D9-BF1B-92B14A8C061B}.Release|x64.Build.0 = Release|x64
		{CC700045-8E2C-4516-9159-43FC4FFD4783}.Debug|NX64.ActiveCfg = Debug|NX64
		{CC700045-8E2C-4516-9159-43FC4FFD4783}.Debug|ORBIS.ActiveCfg = Debug|ORBIS
		{CC700045-8E2C-4516-9159-43FC4FFD4783}.Debug|ORBIS.Build.0 = Debug|ORBIS
		{CC700045-8E2C-4516-9159-43FC4FFD4783}.Debug|Win32.ActiveCfg = Debug|Win32
		{CC700045-8E2C-4516-9159-43FC4FFD4783}.Debug|Win32.Build.0 = Debug|Win32
		{CC700045-8E2C-4516-9159-43FC4FFD4783}.Debug|x64.ActiveCfg = Debug|x64
		{CC700045-8E2C-4516-9159-43FC4FFD4783}.Debug|x64.Build.0 = Debug|x64
		{CC700045-8E2C-4516-9159-43FC4FFD4783}.Release|NX64.ActiveCfg = Release|NX64
		{CC700045-8E2C-4516-9159-43FC4FFD4783}.Release|ORBIS.ActiveCfg = Release|ORBIS
		{CC700045-8E2C-4516-9159-43FC4FFD4783}.Release|ORBIS.Build.0 = Release|ORBIS
		{CC700045-8E2C-4516-9159-43FC4FFD4783}.Release|Win32.ActiveCfg = Release|Win32
		{CC700045-8E2C-4516-9159-43FC4FFD4783}.Release|Win32.Build.0 = Release|Win32
		{CC700045-8E2C-4516-9159-43FC4FFD4783}.Release|x64.ActiveCfg = Release|x64
		{CC700045-8E2C-4516-9159-43FC4FFD4783}.Release|x64.Build.0 = Release|x64
		{9AE29931-C72E-43DF-805B-27E4DDFBB582}.Debug|NX64.ActiveCfg = Debug|NX64
		{9AE29931-C72E-43DF-805B-27E4DDFBB582}.Debug|NX64.Build.0 = Debug|NX64
		{9AE29931-C72E-43DF-805B-27E4DDFBB582}.Debug|ORBIS.ActiveCfg = Debug|ORBIS
		{9AE29931-C72E-43DF-805B-27E4DDFBB582}.Debug|ORBIS.Build.0 = Debug|ORBIS
		{9AE29931-C72E-43DF-805B-27E4DDFBB582}.Debug|Win32.ActiveCfg = Debug|Win32
		{9AE29931-C72E-43DF-805B-27E4DDFBB582}.Debug|Win32.Build.0 = Debug|Win32
		{9AE29931-C72E-43DF-805B-27E4DDFBB582}.Debug|x64.ActiveCfg = Debug|x64
		{9AE29931-C72E-43DF-805B-27E4DDFBB582}.Debug|x64.Build.0 = Debug|x64
		{9AE29931-C72E-43DF-805B-27E4DDFBB582}.Release|NX64.ActiveCfg = Release|NX64
		{9AE29931-C72E-43DF-805B-27E4DDFBB582}.Release|NX64.Build.0 = Release|NX64
		{9AE29931-C72E-43DF-805B-27E4DDFBB582}.Release|ORBIS.ActiveCfg = Release|ORBIS
		{9AE29931-C72E-43DF-805B-27E4DDFBB582}.Release|ORBIS.Build.0 = Release|ORBIS
		{9AE29931-C72E-43DF-805B-27E4DDFBB582}.Release|Win32.ActiveCfg = Release|Win32
		{9AE29931-C72E-43DF-805B-27E4DDFBB582}.Release|Win32.Build.0 = Release|Win32
		{9AE29931-C72E-43DF-805B-27E4DDFBB582}.Release|x64.ActiveCfg = Release|x64
		{9AE29931-C72E-43DF-805B-27E4DDFBB582}.Release|x64.Build.0 = Release|x64
		{141365E7-F8F3-4D95-B8DB-1A093F92F436}.Debug|NX64.ActiveCfg = Debug|NX64
		{141365E7-F8F3-4D95-B8DB-1A093F92F436}.Debug|NX64.Build.0 = Debug|NX64
		{141365E7-F8F3-4D95-B8DB-1A093F92F436}.Debug|ORBIS.ActiveCfg = Debug|ORBIS
		{141365E7-F8F3-4D95-B8DB-1A093F92F436}.Debug|ORBIS.Build.0 = Debug|ORBIS
		{141365E7-F8F3-4D95-B8DB-1A093F92F436}.Debug|Win32.ActiveCfg = Debug|Win32
		{141365E7-F8F3-4D95-B8DB-1A093F92F436}.Debug|Win32.Build.0 = Debug|Win32
		{141365E7-F8F3-4D95-B8DB-1A093F92F436}.Debug|x64.ActiveCfg = Debug|x64
		{141365E7-F8F3-4D95-B8DB-1A093F92F436}.Debug|x64.Build.0 = Debug|x64
		{141365E7-F8F3-4D95-B8DB-1A093F92F436}.Release|NX64.ActiveCfg = Release|NX64
		{141365E7-F8F3-4D95-B8DB-1A093F92F436}.Release|NX64.Build.0 = Release|NX64
		{141365E7-F8F3-4D95-B8DB-1A093F92F436}.Release|ORBIS.ActiveCfg = Release|ORBIS
		{141365E7-F8F3-4D95-B8DB-1A093F92F436}.Release|ORBIS.Build.0 = Release|ORBIS
		{141365E7-F8F3-4D95-B8DB-1A093F92F436}.Release|Win32.ActiveCfg = Release|Win32
		{141365E7-F8F3-4D95-B8DB-1A093F92F436}.Release|Win32.Build.0 = Release|Win32
		{141365E7-F8F3-4D95-B8DB-1A093F92F436}.Release|x64.ActiveCfg = Release|x64
		{141365E7-F8F3-4D95-B8DB-1A093F92F436}.Release|x64.Build.0 = Release|x64
		{DC847AF8-FF9C-4F24-AE83-B86FC5C6777D}.Debug|NX64.ActiveCfg = Debug|NX64
		{DC847AF8-FF9C-4F24-AE83-B86FC5C6777D}.Debug|ORBIS.ActiveCfg = Debug|ORBIS
		{DC847AF8-FF9C-4F24-AE83-B86FC5C6777D}.Debug|ORBIS.Build.0 = Debug|ORBIS
		{DC847AF8-FF9C-4F24-AE83-B86FC5C6777D}.Debug|Win32.ActiveCfg = Debug|Win32
		{DC847AF8-FF9C-4F24-AE83-B86FC5C6777D}.Debug|Win32.Build.0 = Debug|Win32
		{DC847AF8-FF9C-4F24-AE83-B86FC5C6777D}.Debug|x64.ActiveCfg = Debug|x64
		{DC847AF8-FF9C-4F24-AE83-B86FC5C6777D}.Debug|x64.Build.0 = Debug|x64
		{DC847AF8-FF9C-4F24-AE83-B86FC5C6777D}.Release|NX64.ActiveCfg = Release|NX64
		{DC847AF8-FF9C-4F24-AE83-B86FC5C6777D}.Release|ORBIS.ActiveCfg = Release|ORBIS
		{DC847AF8-FF9C-4F24-AE83-B86FC5C6777D}.Release|ORBIS.Build.0 = Release|ORBIS
		{DC847AF8-FF9C-4F24-AE83-B86FC5C6777D}.Release|Win32.ActiveCfg = Release|Win32
		{DC847AF8-FF9C-4F24-AE83-B86FC5C6777D}.Release|Win32.Build.0 = Release|Win32
		{DC847AF8-FF9C-4F24-AE83-B86FC5C6777D}.Release|x64.ActiveCfg = Release|x64
		{DC847AF8-FF9C-4F24-AE83-B86FC5C6777D}.Release|x64.Build.0 = Release|x64
		{5168DFAB-3B54-4CAA-8654-DA760BC53B74}.Debug|NX64.ActiveCfg = Debug|NX64
		{5168DFAB-3B54-4CAA-8654-DA760BC53B74}.Debug|NX64.Build.0 = Debug|NX64
		{5168DFAB-3B54-4CAA-8654-DA760BC53B74}.Debug|ORBIS.ActiveCfg = Debug|ORBIS
		{5168DFAB-3B54-4CAA-8654-DA760BC53B74}.Debug|ORBIS.Build.0 = Debug|ORBIS
		{5168DFAB-3B54-4CAA-8654-DA760BC53B74}.Debug|Win32.ActiveCfg = Debug|Win32
		{5168DFAB-3B54-4CAA-8654-DA760BC53B74}.Debug|Win32.Build.0 = Debug|Win32
		{5168DFAB-3B54-4CAA-8654-DA760BC53B74}.Debug|x64.ActiveCfg = Debug|x64
		{5168DFAB-3B54-4CAA-8654-DA760BC53B74}.Debug|x64.Build.0 = Debug|x64
		{5168DFAB-3B54-4CAA-8654-DA760BC53B74}.Release|NX64.ActiveCfg = Release|NX64
		{5168DFAB-3B54-4CAA-8654-DA760BC53B74}.Release|NX64.Build.0 = Release|NX64
		{5168DFAB-3B54-4CAA-8654-DA760BC53B74}.Release|ORBIS.ActiveCfg = Release|ORBIS
		{5168DFAB-3B54-4CAA-8654-DA760BC53B74}.Release|ORBIS.Build.0 = Release|ORBIS
		{5168DFAB-3B54-4CAA-8654-DA760BC53B74}.Release|Win32.ActiveCfg = Release|Win32
		{5168DFAB-3B54-4CAA-8654-DA760BC53B74}.Release|Win32.Build.0 = Release|Win32
		{5168DFAB-3B54-4CAA-8654-DA760BC53B74}.Release|x64.ActiveCfg = Release|x64
		{5168DFAB-3B54-4CAA-8654-DA760BC53B74}.Release|x64.Build.0 = Release|x64
	EndGlobalSection
	GlobalSection(SolutionProperties) = preSolution
		HideSolutionNode = FALSE
	EndGlobalSection
	GlobalSection(NestedProjects) = preSolution
		{9E62F2FE-3408-4EAE-8238-FD84238CEEDA} = {1AFD580B-98B8-4689-B661-38C41132C60E}
		{D84021CA-B233-4E0F-8A52-071B83BBCCC4} = {1AFD580B-98B8-4689-B661-38C41132C60E}
		{28F5DE0F-B162-4833-8F61-A1AF782850A2} = {03B9D2E1-AFBA-4F66-8DE0-6499C9F9155F}
		{948C0C9A-2C25-41D9-BF1B-92B14A8C061B} = {03B9D2E1-AFBA-4F66-8DE0-6499C9F9155F}
		{CC700045-8E2C-4516-9159-43FC4FFD4783} = {03B9D2E1-AFBA-4F66-8DE0-6499C9F9155F}
		{9AE29931-C72E-43DF-805B-27E4DDFBB582} = {03B9D2E1-AFBA-4F66-8DE0-6499C9F9155F}
		{141365E7-F8F3-4D95-B8DB-1A093F92F436} = {03B9D2E1-AFBA-4F66-8DE0-6499C9F9155F}
		{DC847AF8-FF9C-4F24-AE83-B86FC5C6777D} = {03B9D2E1-AFBA-4F66-8DE0-6499C9F9155F}
		{5168DFAB-3B54-4CAA-8654-DA760BC53B74} = {03B9D2E1-AFBA-4F66-8DE0-6499C9F9155F}
	EndGlobalSection
	GlobalSection(ExtensibilityGlobals) = postSolution
		SolutionGuid = {4F6F88E8-5604-4BA7-89AA-7A8DC8C3374B}
	EndGlobalSection
EndGlobal
