<?xml version="1.0" encoding="utf-8"?>
<Project ToolsVersion="4.0" xmlns="http://schemas.microsoft.com/developer/msbuild/2003">
  <ItemGroup>
    <ClCompile Include="bios.cpp" />
    <ClCompile Include="pico8\api.cpp">
      <Filter>pico8</Filter>
    </ClCompile>
    <ClCompile Include="pico8\ast.cpp">
      <Filter>pico8</Filter>
    </ClCompile>
    <ClCompile Include="pico8\cart.cpp">
      <Filter>pico8</Filter>
    </ClCompile>
    <ClCompile Include="pico8\code.cpp">
      <Filter>pico8</Filter>
    </ClCompile>
    <ClCompile Include="pico8\gfx.cpp">
      <Filter>pico8</Filter>
    </ClCompile>
    <ClCompile Include="pico8\parser.cpp">
      <Filter>pico8</Filter>
    </ClCompile>
    <ClCompile Include="pico8\private.cpp">
      <Filter>pico8</Filter>
    </ClCompile>
    <ClCompile Include="pico8\render.cpp">
      <Filter>pico8</Filter>
    </ClCompile>
    <ClCompile Include="pico8\sfx.cpp">
      <Filter>pico8</Filter>
    </ClCompile>
    <ClCompile Include="pico8\vm.cpp">
      <Filter>pico8</Filter>
    </ClCompile>
    <ClCompile Include="raccoon\api.cpp">
      <Filter>raccoon</Filter>
    </ClCompile>
    <ClCompile Include="raccoon\vm.cpp">
      <Filter>raccoon</Filter>
    </ClCompile>
    <ClCompile Include="synth.cpp" />
    <ClCompile Include="vm.cpp" />
  </ItemGroup>
  <ItemGroup>
    <ClInclude Include="bindings\js.h">
      <Filter>bindings</Filter>
    </ClInclude>
    <ClInclude Include="bindings\lua.h">
      <Filter>bindings</Filter>
    </ClInclude>
    <ClInclude Include="pico8\cart.h">
      <Filter>pico8</Filter>
    </ClInclude>
    <ClInclude Include="pico8\grammar.h">
      <Filter>pico8</Filter>
    </ClInclude>
    <ClInclude Include="pico8\memory.h">
      <Filter>pico8</Filter>
    </ClInclude>
    <ClInclude Include="pico8\pico8.h">
      <Filter>pico8</Filter>
    </ClInclude>
    <ClInclude Include="pico8\vm.h">
      <Filter>pico8</Filter>
    </ClInclude>
    <ClInclude Include="raccoon\memory.h">
      <Filter>raccoon</Filter>
    </ClInclude>
    <ClInclude Include="raccoon\vm.h">
      <Filter>raccoon</Filter>
    </ClInclude>
    <ClInclude Include="synth.h" />
    <ClInclude Include="zepto8.h" />
    <ClInclude Include="raccoon\font.h">
      <Filter>raccoon</Filter>
    </ClInclude>
  </ItemGroup>
  <ItemGroup>
    <Filter Include="bindings">
      <UniqueIdentifier>{df3ce4b7-459e-4b34-bf57-a283e4098876}</UniqueIdentifier>
    </Filter>
    <Filter Include="pico8">
      <UniqueIdentifier>{6f37686e-5de3-410d-941c-d5aafbdb59c1}</UniqueIdentifier>
    </Filter>
    <Filter Include="raccoon">
      <UniqueIdentifier>{50d0600e-9314-4f24-a578-53301f642348}</UniqueIdentifier>
    </Filter>
    <Filter Include="data">
      <UniqueIdentifier>{d45e4565-b73a-4010-8b11-d8ee39404049}</UniqueIdentifier>
    </Filter>
  </ItemGroup>
  <ItemGroup>
    <Image Include="data\blank.png">
      <Filter>data</Filter>
    </Image>
  </ItemGroup>
  <ItemGroup>
    <None Include="pico8\bios.p8">
      <Filter>pico8</Filter>
    </None>
    <None Include="unz8.p8" />
  </ItemGroup>
</Project>
