<?xml version="1.0" encoding="utf-8"?>
<Project ToolsVersion="4.0" xmlns="http://schemas.microsoft.com/developer/msbuild/2003">
  <ItemGroup>
    <ClCompile Include="player.cpp" />
    <ClCompile Include="z8dev.cpp" />
    <ClCompile Include="ide/ide.cpp">
      <Filter>ide</Filter>
    </ClCompile>
    <ClCompile Include="ide/memory-editor.cpp">
      <Filter>ide</Filter>
    </ClCompile>
    <ClCompile Include="3rdparty/zep/src/mcommon/file/path.cpp">
      <Filter>3rdparty\zep\mcommon\file</Filter>
    </ClCompile>
    <ClCompile Include="3rdparty/zep/src/buffer.cpp">
      <Filter>3rdparty\zep</Filter>
    </ClCompile>
    <ClCompile Include="3rdparty/zep/src/commands.cpp">
      <Filter>3rdparty\zep</Filter>
    </ClCompile>
    <ClCompile Include="3rdparty/zep/src/display.cpp">
      <Filter>3rdparty\zep</Filter>
    </ClCompile>
    <ClCompile Include="3rdparty/zep/src/editor.cpp">
      <Filter>3rdparty\zep</Filter>
    </ClCompile>
    <ClCompile Include="3rdparty/zep/src/indexer.cpp">
      <Filter>3rdparty\zep</Filter>
    </ClCompile>
    <ClCompile Include="3rdparty/zep/src/mode.cpp">
      <Filter>3rdparty\zep</Filter>
    </ClCompile>
    <ClCompile Include="3rdparty/zep/src/mode_search.cpp">
      <Filter>3rdparty\zep</Filter>
    </ClCompile>
    <ClCompile Include="3rdparty/zep/src/mode_standard.cpp">
      <Filter>3rdparty\zep</Filter>
    </ClCompile>
    <ClCompile Include="3rdparty/zep/src/mode_tree.cpp">
      <Filter>3rdparty\zep</Filter>
    </ClCompile>
    <ClCompile Include="3rdparty/zep/src/mode_vim.cpp">
      <Filter>3rdparty\zep</Filter>
    </ClCompile>
    <ClCompile Include="3rdparty/zep/src/scroller.cpp">
      <Filter>3rdparty\zep</Filter>
    </ClCompile>
    <ClCompile Include="3rdparty/zep/src/splits.cpp">
      <Filter>3rdparty\zep</Filter>
    </ClCompile>
    <ClCompile Include="3rdparty/zep/src/mcommon/string/stringutils.cpp">
      <Filter>3rdparty\zep\mcommon\string</Filter>
    </ClCompile>
    <ClCompile Include="3rdparty/zep/src/syntax.cpp">
      <Filter>3rdparty\zep</Filter>
    </ClCompile>
    <ClCompile Include="3rdparty/zep/src/syntax_providers.cpp">
      <Filter>3rdparty\zep</Filter>
    </ClCompile>
    <ClCompile Include="3rdparty/zep/src/syntax_rainbow_brackets.cpp">
      <Filter>3rdparty\zep</Filter>
    </ClCompile>
    <ClCompile Include="3rdparty/zep/src/tab_window.cpp">
      <Filter>3rdparty\zep</Filter>
    </ClCompile>
    <ClCompile Include="3rdparty/zep/src/theme.cpp">
      <Filter>3rdparty\zep</Filter>
    </ClCompile>
    <ClCompile Include="3rdparty/zep/src/mcommon/animation/timer.cpp">
      <Filter>3rdparty\zep\mcommon\animation</Filter>
    </ClCompile>
    <ClCompile Include="3rdparty/zep/src/window.cpp">
      <Filter>3rdparty\zep</Filter>
    </ClCompile>
    <ClCompile Include="ide/text-editor.cpp">
      <Filter>ide</Filter>
    </ClCompile>
  </ItemGroup>
  <ItemGroup>
    <ClInclude Include="player.h" />
    <ClInclude Include="zepto8.h" />
    <ClInclude Include="ide/ide.h">
      <Filter>ide</Filter>
    </ClInclude>
    <ClInclude Include="ide/memory-editor.h">
      <Filter>ide</Filter>
    </ClInclude>
    <ClInclude Include="3rdparty/imgui-club/imgui_memory_editor/imgui_memory_editor.h">
      <Filter>3rdparty\imgui-club</Filter>
    </ClInclude>
    <ClInclude Include="3rdparty/zep/src/mcommon/file/path.h">
      <Filter>3rdparty\zep\mcommon\file</Filter>
    </ClInclude>
    <ClInclude Include="3rdparty/zep/src/buffer.h">
      <Filter>3rdparty\zep</Filter>
    </ClInclude>
    <ClInclude Include="3rdparty/zep/src/commands.h">
      <Filter>3rdparty\zep</Filter>
    </ClInclude>
    <ClInclude Include="3rdparty/zep/src/display.h">
      <Filter>3rdparty\zep</Filter>
    </ClInclude>
    <ClInclude Include="3rdparty/zep/src/editor.h">
      <Filter>3rdparty\zep</Filter>
    </ClInclude>
    <ClInclude Include="3rdparty/zep/src/filesystem.h">
      <Filter>3rdparty\zep</Filter>
    </ClInclude>
    <ClInclude Include="3rdparty/zep/src/gap_buffer.h">
      <Filter>3rdparty\zep</Filter>
    </ClInclude>
    <ClInclude Include="3rdparty/zep/src/imgui/console_imgui.h">
      <Filter>3rdparty\zep\imgui</Filter>
    </ClInclude>
    <ClInclude Include="3rdparty/zep/src/imgui/display_imgui.h">
      <Filter>3rdparty\zep\imgui</Filter>
    </ClInclude>
    <ClInclude Include="3rdparty/zep/src/imgui/editor_imgui.h">
      <Filter>3rdparty\zep\imgui</Filter>
    </ClInclude>
    <ClInclude Include="3rdparty/zep/src/imgui/usb_hid_keys.h">
      <Filter>3rdparty\zep\imgui</Filter>
    </ClInclude>
    <ClInclude Include="3rdparty/zep/src/mcommon/animation/timer.h">
      <Filter>3rdparty\zep\mcommon\animation</Filter>
    </ClInclude>
    <ClInclude Include="3rdparty/zep/src/mcommon/file/archive.h">
      <Filter>3rdparty\zep\mcommon\file</Filter>
    </ClInclude>
    <ClInclude Include="3rdparty/zep/src/mcommon/logger.h">
      <Filter>3rdparty\zep\mcommon</Filter>
    </ClInclude>
    <ClInclude Include="3rdparty/zep/src/mcommon/math/math.h">
      <Filter>3rdparty\zep\mcommon\math</Filter>
    </ClInclude>
    <ClInclude Include="3rdparty/zep/src/mcommon/string/murmur_hash.h">
      <Filter>3rdparty\zep\mcommon\string</Filter>
    </ClInclude>
    <ClInclude Include="3rdparty/zep/src/mcommon/string/stringutils.h">
      <Filter>3rdparty\zep\mcommon\string</Filter>
    </ClInclude>
    <ClInclude Include="3rdparty/zep/src/mcommon/threadpool.h">
      <Filter>3rdparty\zep\mcommon</Filter>
    </ClInclude>
    <ClInclude Include="3rdparty/zep/src/mcommon/threadutils.h">
      <Filter>3rdparty\zep\mcommon</Filter>
    </ClInclude>
    <ClInclude Include="3rdparty/zep/src/mode.h">
      <Filter>3rdparty\zep</Filter>
    </ClInclude>
    <ClInclude Include="3rdparty/zep/src/mode_search.h">
      <Filter>3rdparty\zep</Filter>
    </ClInclude>
    <ClInclude Include="3rdparty/zep/src/mode_standard.h">
      <Filter>3rdparty\zep</Filter>
    </ClInclude>
    <ClInclude Include="3rdparty/zep/src/mode_vim.h">
      <Filter>3rdparty\zep</Filter>
    </ClInclude>
    <ClInclude Include="3rdparty/zep/src/scroller.h">
      <Filter>3rdparty\zep</Filter>
    </ClInclude>
    <ClInclude Include="3rdparty/zep/src/splits.h">
      <Filter>3rdparty\zep</Filter>
    </ClInclude>
    <ClInclude Include="3rdparty/zep/src/syntax.h">
      <Filter>3rdparty\zep</Filter>
    </ClInclude>
    <ClInclude Include="3rdparty/zep/src/syntax_providers.h">
      <Filter>3rdparty\zep</Filter>
    </ClInclude>
    <ClInclude Include="3rdparty/zep/src/syntax_rainbow_brackets.h">
      <Filter>3rdparty\zep</Filter>
    </ClInclude>
    <ClInclude Include="3rdparty/zep/src/tab_window.h">
      <Filter>3rdparty\zep</Filter>
    </ClInclude>
    <ClInclude Include="3rdparty/zep/src/theme.h">
      <Filter>3rdparty\zep</Filter>
    </ClInclude>
    <ClInclude Include="3rdparty/zep/src/window.h">
      <Filter>3rdparty\zep</Filter>
    </ClInclude>
    <ClInclude Include="3rdparty/zep/src/zep.h">
      <Filter>3rdparty\zep</Filter>
    </ClInclude>
    <ClInclude Include="3rdparty/zep/src/zep_config.h">
      <Filter>3rdparty\zep</Filter>
    </ClInclude>
    <ClInclude Include="ide/text-editor.h">
      <Filter>ide</Filter>
    </ClInclude>
  </ItemGroup>
  <ItemGroup>
    <Filter Include="ide">
      <UniqueIdentifier>{9e4de7d6-5216-42d1-8eb0-b3366f2d6fc9}</UniqueIdentifier>
    </Filter>
    <Filter Include="3rdparty">
      <UniqueIdentifier>{037d872f-425f-470f-b3c3-916ce672d365}</UniqueIdentifier>
    </Filter>
    <Filter Include="3rdparty\imgui-club">
      <UniqueIdentifier>{58dd1412-ec0c-4e8b-9180-8c61e6c40987}</UniqueIdentifier>
    </Filter>
    <Filter Include="3rdparty\zep">
      <UniqueIdentifier>{8aa5accd-0ff8-4c72-8992-157f2d1f0bc0}</UniqueIdentifier>
    </Filter>
    <Filter Include="3rdparty\zep\imgui">
      <UniqueIdentifier>{eb2c60b1-3991-4852-abba-5eb31aaf59d6}</UniqueIdentifier>
    </Filter>
    <Filter Include="3rdparty\zep\mcommon">
      <UniqueIdentifier>{3b7dc603-6e3d-4950-99a9-778c6690fe94}</UniqueIdentifier>
    </Filter>
    <Filter Include="3rdparty\zep\mcommon\string">
      <UniqueIdentifier>{5e030ec1-44ba-4301-9fa2-a847611b073a}</UniqueIdentifier>
    </Filter>
    <Filter Include="3rdparty\zep\mcommon\math">
      <UniqueIdentifier>{65a7a623-feb2-4db2-9ca3-9fa3f4e66ffc}</UniqueIdentifier>
    </Filter>
    <Filter Include="3rdparty\zep\mcommon\animation">
      <UniqueIdentifier>{9475fea6-8ab3-4b6f-9247-a124c3f2700a}</UniqueIdentifier>
    </Filter>
    <Filter Include="3rdparty\zep\mcommon\file">
      <UniqueIdentifier>{2f93a7ff-3d51-44b8-ba18-0aa5809b0a6f}</UniqueIdentifier>
    </Filter>
  </ItemGroup>
</Project>
